
Microsoft Visual Studio Solution File, Format Version 12.00
# Visual Studio Version 17
VisualStudioVersion = 17.2.32616.157
MinimumVisualStudioVersion = 10.0.40219.1
Project("{FAE04EC0-301F-11D3-BF4B-00C04F79EFBC}") = "RepairEquipment", "RepairEquipment\RepairEquipment.csproj", "{15BCFD3C-3F56-4268-ADAE-4046A57F8978}"
EndProject
Global
	GlobalSection(SolutionConfigurationPlatforms) = preSolution
		Debug|Any CPU = Debug|Any CPU
		Release|Any CPU = Release|Any CPU
	EndGlobalSection
	GlobalSection(ProjectConfigurationPlatforms) = postSolution
		{15BCFD3C-3F56-4268-ADAE-4046A57F8978}.Debug|Any CPU.ActiveCfg = Debug|Any CPU
		{15BCFD3C-3F56-4268-ADAE-4046A57F8978}.Debug|Any CPU.Build.0 = Debug|Any CPU
		{15BCFD3C-3F56-4268-ADAE-4046A57F8978}.Release|Any CPU.ActiveCfg = Release|Any CPU
		{15BCFD3C-3F56-4268-ADAE-4046A57F8978}.Release|Any CPU.Build.0 = Release|Any CPU
	EndGlobalSection
	GlobalSection(SolutionProperties) = preSolution
		HideSolutionNode = FALSE
	EndGlobalSection
	GlobalSection(ExtensibilityGlobals) = postSolution
		SolutionGuid = {472691C3-DBC2-47E6-B9A5-93C3DAC51689}
	EndGlobalSection
EndGlobal
