
Microsoft Visual Studio Solution File, Format Version 12.00
# Visual Studio Version 17
VisualStudioVersion = 17.2.32616.157
MinimumVisualStudioVersion = 10.0.40219.1
Project("{2150E333-8FDC-42A3-9474-1A3956D46DE8}") = "src", "src", "{71E3D5FA-18D5-424C-9B1C-BD107E63F02E}"
EndProject
Project("{2150E333-8FDC-42A3-9474-1A3956D46DE8}") = "Database", "Database", "{0615C981-2619-4800-9E01-2F76C0D1FDC7}"
EndProject
Project("{9A19103F-16F7-4668-BE54-9A1E7A4F7556}") = "RepairEquipment.Data", "src\Database\RepairEquipment.Data\RepairEquipment.Data.csproj", "{E865F3A0-A37B-42CF-ABA6-0758F9B03D07}"
EndProject
Project("{9A19103F-16F7-4668-BE54-9A1E7A4F7556}") = "RepairEquipment.Migrations", "src\Database\RepairEquipment.Migrations\RepairEquipment.Migrations.csproj", "{596BE9EA-9BB6-45BA-84C4-EAE997EFD783}"
EndProject
Project("{9A19103F-16F7-4668-BE54-9A1E7A4F7556}") = "RepairEquipment.Migrator", "src\Database\RepairEquipment.Migrator\RepairEquipment.Migrator.csproj", "{ADAC3A22-098B-4D55-BE69-87A6E4DC12BB}"
EndProject
Project("{9A19103F-16F7-4668-BE54-9A1E7A4F7556}") = "RepairEquipment", "src\RepairEquipment\RepairEquipment.csproj", "{2E8F6D16-B99F-42D0-9386-0A2627D1F914}"
	ProjectSection(ProjectDependencies) = postProject
		{BB293502-1CF4-4724-A241-9A49D23B71B0} = {BB293502-1CF4-4724-A241-9A49D23B71B0}
	EndProjectSection
EndProject
Project("{9A19103F-16F7-4668-BE54-9A1E7A4F7556}") = "RepairEquipment.Core", "src\RepairEquipment.Core\RepairEquipment.Core.csproj", "{97435126-024C-4CF7-85A1-0BEA28F10621}"
EndProject
Project("{9A19103F-16F7-4668-BE54-9A1E7A4F7556}") = "RepairEquipment.Shared", "src\RepairEquipment.Client\RepairEquipment.Shared.csproj", "{BB293502-1CF4-4724-A241-9A49D23B71B0}"
EndProject
Global
	GlobalSection(SolutionConfigurationPlatforms) = preSolution
		Debug|Any CPU = Debug|Any CPU
		Release|Any CPU = Release|Any CPU
	EndGlobalSection
	GlobalSection(ProjectConfigurationPlatforms) = postSolution
		{E865F3A0-A37B-42CF-ABA6-0758F9B03D07}.Debug|Any CPU.ActiveCfg = Debug|Any CPU
		{E865F3A0-A37B-42CF-ABA6-0758F9B03D07}.Debug|Any CPU.Build.0 = Debug|Any CPU
		{E865F3A0-A37B-42CF-ABA6-0758F9B03D07}.Release|Any CPU.ActiveCfg = Release|Any CPU
		{E865F3A0-A37B-42CF-ABA6-0758F9B03D07}.Release|Any CPU.Build.0 = Release|Any CPU
		{596BE9EA-9BB6-45BA-84C4-EAE997EFD783}.Debug|Any CPU.ActiveCfg = Debug|Any CPU
		{596BE9EA-9BB6-45BA-84C4-EAE997EFD783}.Debug|Any CPU.Build.0 = Debug|Any CPU
		{596BE9EA-9BB6-45BA-84C4-EAE997EFD783}.Release|Any CPU.ActiveCfg = Release|Any CPU
		{596BE9EA-9BB6-45BA-84C4-EAE997EFD783}.Release|Any CPU.Build.0 = Release|Any CPU
		{ADAC3A22-098B-4D55-BE69-87A6E4DC12BB}.Debug|Any CPU.ActiveCfg = Debug|Any CPU
		{ADAC3A22-098B-4D55-BE69-87A6E4DC12BB}.Debug|Any CPU.Build.0 = Debug|Any CPU
		{ADAC3A22-098B-4D55-BE69-87A6E4DC12BB}.Release|Any CPU.ActiveCfg = Release|Any CPU
		{ADAC3A22-098B-4D55-BE69-87A6E4DC12BB}.Release|Any CPU.Build.0 = Release|Any CPU
		{2E8F6D16-B99F-42D0-9386-0A2627D1F914}.Debug|Any CPU.ActiveCfg = Debug|Any CPU
		{2E8F6D16-B99F-42D0-9386-0A2627D1F914}.Debug|Any CPU.Build.0 = Debug|Any CPU
		{2E8F6D16-B99F-42D0-9386-0A2627D1F914}.Release|Any CPU.ActiveCfg = Release|Any CPU
		{2E8F6D16-B99F-42D0-9386-0A2627D1F914}.Release|Any CPU.Build.0 = Release|Any CPU
		{97435126-024C-4CF7-85A1-0BEA28F10621}.Debug|Any CPU.ActiveCfg = Debug|Any CPU
		{97435126-024C-4CF7-85A1-0BEA28F10621}.Debug|Any CPU.Build.0 = Debug|Any CPU
		{97435126-024C-4CF7-85A1-0BEA28F10621}.Release|Any CPU.ActiveCfg = Release|Any CPU
		{97435126-024C-4CF7-85A1-0BEA28F10621}.Release|Any CPU.Build.0 = Release|Any CPU
		{BB293502-1CF4-4724-A241-9A49D23B71B0}.Debug|Any CPU.ActiveCfg = Debug|Any CPU
		{BB293502-1CF4-4724-A241-9A49D23B71B0}.Debug|Any CPU.Build.0 = Debug|Any CPU
		{BB293502-1CF4-4724-A241-9A49D23B71B0}.Release|Any CPU.ActiveCfg = Release|Any CPU
		{BB293502-1CF4-4724-A241-9A49D23B71B0}.Release|Any CPU.Build.0 = Release|Any CPU
	EndGlobalSection
	GlobalSection(SolutionProperties) = preSolution
		HideSolutionNode = FALSE
	EndGlobalSection
	GlobalSection(NestedProjects) = preSolution
		{0615C981-2619-4800-9E01-2F76C0D1FDC7} = {71E3D5FA-18D5-424C-9B1C-BD107E63F02E}
		{E865F3A0-A37B-42CF-ABA6-0758F9B03D07} = {0615C981-2619-4800-9E01-2F76C0D1FDC7}
		{596BE9EA-9BB6-45BA-84C4-EAE997EFD783} = {0615C981-2619-4800-9E01-2F76C0D1FDC7}
		{ADAC3A22-098B-4D55-BE69-87A6E4DC12BB} = {0615C981-2619-4800-9E01-2F76C0D1FDC7}
		{2E8F6D16-B99F-42D0-9386-0A2627D1F914} = {71E3D5FA-18D5-424C-9B1C-BD107E63F02E}
		{97435126-024C-4CF7-85A1-0BEA28F10621} = {71E3D5FA-18D5-424C-9B1C-BD107E63F02E}
		{BB293502-1CF4-4724-A241-9A49D23B71B0} = {71E3D5FA-18D5-424C-9B1C-BD107E63F02E}
	EndGlobalSection
	GlobalSection(ExtensibilityGlobals) = postSolution
		SolutionGuid = {472691C3-DBC2-47E6-B9A5-93C3DAC51689}
	EndGlobalSection
EndGlobal
